
Microsoft Visual Studio Solution File, Format Version 12.00
Project("{FAE04EC0-301F-11D3-BF4B-00C04F79EFBC}") = "Lab8_Saul_Nina", "Lab8_Saul_Nina\Lab8_Saul_Nina.csproj", "{7FDB4C36-79A5-49BB-ADE5-9C13D20BAAFF}"
EndProject
Global
	GlobalSection(SolutionConfigurationPlatforms) = preSolution
		Debug|Any CPU = Debug|Any CPU
		Release|Any CPU = Release|Any CPU
	EndGlobalSection
	GlobalSection(ProjectConfigurationPlatforms) = postSolution
		{7FDB4C36-79A5-49BB-ADE5-9C13D20BAAFF}.Debug|Any CPU.ActiveCfg = Debug|Any CPU
		{7FDB4C36-79A5-49BB-ADE5-9C13D20BAAFF}.Debug|Any CPU.Build.0 = Debug|Any CPU
		{7FDB4C36-79A5-49BB-ADE5-9C13D20BAAFF}.Release|Any CPU.ActiveCfg = Release|Any CPU
		{7FDB4C36-79A5-49BB-ADE5-9C13D20BAAFF}.Release|Any CPU.Build.0 = Release|Any CPU
	EndGlobalSection
EndGlobal
